
Microsoft Visual Studio Solution File, Format Version 12.00
# Visual Studio 15
VisualStudioVersion = 15.0.26730.10
MinimumVisualStudioVersion = 10.0.40219.1
Project("{FAE04EC0-301F-11D3-BF4B-00C04F79EFBC}") = "H.Skeepy.Core", "H.Skeepy.Core\H.Skeepy.Core.csproj", "{15C6ABA6-FD26-4F5B-B7F3-598B4CE235D6}"
EndProject
Project("{FAE04EC0-301F-11D3-BF4B-00C04F79EFBC}") = "H.Skeepy.Model", "H.Skeepy.Model\H.Skeepy.Model.csproj", "{CA82F039-6C1F-4E82-A030-6E5E33FDF90C}"
EndProject
Project("{2150E333-8FDC-42A3-9474-1A3956D46DE8}") = "Testicles", "Testicles", "{25B4120A-F131-4C4B-9031-8AD1ED53A888}"
EndProject
Project("{FAE04EC0-301F-11D3-BF4B-00C04F79EFBC}") = "H.Skeepy.Testicles.Model", "H.Skeepy.Testicles.Model\H.Skeepy.Testicles.Model.csproj", "{82AC845D-2582-4658-A879-EE6ADB497D61}"
EndProject
Project("{FAE04EC0-301F-11D3-BF4B-00C04F79EFBC}") = "H.Skeepy.Testicles.Core", "H.Skeepy.Testicles.Core\H.Skeepy.Testicles.Core.csproj", "{F5CF368C-DC80-4097-ABCE-C5EE2C7C7EE4}"
EndProject
Project("{2150E333-8FDC-42A3-9474-1A3956D46DE8}") = "Playbox", "Playbox", "{D18FE923-A8B5-4F93-91A7-6DC500BCCE98}"
EndProject
Project("{FAE04EC0-301F-11D3-BF4B-00C04F79EFBC}") = "H.Skeepy.Playbox.TesterApp", "H.Skeepy.Playbox.TesterApp\H.Skeepy.Playbox.TesterApp.csproj", "{621A1178-C5C0-40F9-A2B3-1CD88FD7EA1F}"
EndProject
Project("{FAE04EC0-301F-11D3-BF4B-00C04F79EFBC}") = "H.Skeepy.Azure", "H.Skeepy.Azure\H.Skeepy.Azure.csproj", "{A91BA3FA-CBBF-4782-8026-8284F4795DD6}"
EndProject
Project("{FAE04EC0-301F-11D3-BF4B-00C04F79EFBC}") = "H.Skeepy.API", "H.Skeepy.API\H.Skeepy.API.csproj", "{A683FEBB-2365-4FE3-958B-2D3A2869CA80}"
EndProject
Project("{FAE04EC0-301F-11D3-BF4B-00C04F79EFBC}") = "H.Skeepy.Testicles.API", "H.Skeepy.Testicles.API\H.Skeepy.Testicles.API.csproj", "{5BBD7F7B-8A9A-4591-9F29-A9AA4CBCEA26}"
EndProject
Global
	GlobalSection(SolutionConfigurationPlatforms) = preSolution
		Debug|Any CPU = Debug|Any CPU
		Release|Any CPU = Release|Any CPU
	EndGlobalSection
	GlobalSection(ProjectConfigurationPlatforms) = postSolution
		{15C6ABA6-FD26-4F5B-B7F3-598B4CE235D6}.Debug|Any CPU.ActiveCfg = Debug|Any CPU
		{15C6ABA6-FD26-4F5B-B7F3-598B4CE235D6}.Debug|Any CPU.Build.0 = Debug|Any CPU
		{15C6ABA6-FD26-4F5B-B7F3-598B4CE235D6}.Release|Any CPU.ActiveCfg = Release|Any CPU
		{15C6ABA6-FD26-4F5B-B7F3-598B4CE235D6}.Release|Any CPU.Build.0 = Release|Any CPU
		{CA82F039-6C1F-4E82-A030-6E5E33FDF90C}.Debug|Any CPU.ActiveCfg = Debug|Any CPU
		{CA82F039-6C1F-4E82-A030-6E5E33FDF90C}.Debug|Any CPU.Build.0 = Debug|Any CPU
		{CA82F039-6C1F-4E82-A030-6E5E33FDF90C}.Release|Any CPU.ActiveCfg = Release|Any CPU
		{CA82F039-6C1F-4E82-A030-6E5E33FDF90C}.Release|Any CPU.Build.0 = Release|Any CPU
		{82AC845D-2582-4658-A879-EE6ADB497D61}.Debug|Any CPU.ActiveCfg = Debug|Any CPU
		{82AC845D-2582-4658-A879-EE6ADB497D61}.Debug|Any CPU.Build.0 = Debug|Any CPU
		{82AC845D-2582-4658-A879-EE6ADB497D61}.Release|Any CPU.ActiveCfg = Release|Any CPU
		{82AC845D-2582-4658-A879-EE6ADB497D61}.Release|Any CPU.Build.0 = Release|Any CPU
		{F5CF368C-DC80-4097-ABCE-C5EE2C7C7EE4}.Debug|Any CPU.ActiveCfg = Debug|Any CPU
		{F5CF368C-DC80-4097-ABCE-C5EE2C7C7EE4}.Debug|Any CPU.Build.0 = Debug|Any CPU
		{F5CF368C-DC80-4097-ABCE-C5EE2C7C7EE4}.Release|Any CPU.ActiveCfg = Release|Any CPU
		{F5CF368C-DC80-4097-ABCE-C5EE2C7C7EE4}.Release|Any CPU.Build.0 = Release|Any CPU
		{621A1178-C5C0-40F9-A2B3-1CD88FD7EA1F}.Debug|Any CPU.ActiveCfg = Debug|Any CPU
		{621A1178-C5C0-40F9-A2B3-1CD88FD7EA1F}.Debug|Any CPU.Build.0 = Debug|Any CPU
		{621A1178-C5C0-40F9-A2B3-1CD88FD7EA1F}.Release|Any CPU.ActiveCfg = Release|Any CPU
		{621A1178-C5C0-40F9-A2B3-1CD88FD7EA1F}.Release|Any CPU.Build.0 = Release|Any CPU
		{A91BA3FA-CBBF-4782-8026-8284F4795DD6}.Debug|Any CPU.ActiveCfg = Debug|Any CPU
		{A91BA3FA-CBBF-4782-8026-8284F4795DD6}.Debug|Any CPU.Build.0 = Debug|Any CPU
		{A91BA3FA-CBBF-4782-8026-8284F4795DD6}.Release|Any CPU.ActiveCfg = Release|Any CPU
		{A91BA3FA-CBBF-4782-8026-8284F4795DD6}.Release|Any CPU.Build.0 = Release|Any CPU
		{A683FEBB-2365-4FE3-958B-2D3A2869CA80}.Debug|Any CPU.ActiveCfg = Debug|Any CPU
		{A683FEBB-2365-4FE3-958B-2D3A2869CA80}.Debug|Any CPU.Build.0 = Debug|Any CPU
		{A683FEBB-2365-4FE3-958B-2D3A2869CA80}.Release|Any CPU.ActiveCfg = Release|Any CPU
		{A683FEBB-2365-4FE3-958B-2D3A2869CA80}.Release|Any CPU.Build.0 = Release|Any CPU
		{5BBD7F7B-8A9A-4591-9F29-A9AA4CBCEA26}.Debug|Any CPU.ActiveCfg = Debug|Any CPU
		{5BBD7F7B-8A9A-4591-9F29-A9AA4CBCEA26}.Debug|Any CPU.Build.0 = Debug|Any CPU
		{5BBD7F7B-8A9A-4591-9F29-A9AA4CBCEA26}.Release|Any CPU.ActiveCfg = Release|Any CPU
		{5BBD7F7B-8A9A-4591-9F29-A9AA4CBCEA26}.Release|Any CPU.Build.0 = Release|Any CPU
	EndGlobalSection
	GlobalSection(SolutionProperties) = preSolution
		HideSolutionNode = FALSE
	EndGlobalSection
	GlobalSection(NestedProjects) = preSolution
		{82AC845D-2582-4658-A879-EE6ADB497D61} = {25B4120A-F131-4C4B-9031-8AD1ED53A888}
		{F5CF368C-DC80-4097-ABCE-C5EE2C7C7EE4} = {25B4120A-F131-4C4B-9031-8AD1ED53A888}
		{621A1178-C5C0-40F9-A2B3-1CD88FD7EA1F} = {D18FE923-A8B5-4F93-91A7-6DC500BCCE98}
		{5BBD7F7B-8A9A-4591-9F29-A9AA4CBCEA26} = {25B4120A-F131-4C4B-9031-8AD1ED53A888}
	EndGlobalSection
	GlobalSection(ExtensibilityGlobals) = postSolution
		SolutionGuid = {824699DD-035F-41E9-9347-542F8FAE1335}
	EndGlobalSection
EndGlobal
